
Microsoft Visual Studio Solution File, Format Version 11.00
# Visual Studio 2010
Project("{FAE04EC0-301F-11D3-BF4B-00C04F79EFBC}") = "UnityEngine.TestRunner", "UnityEngine.TestRunner.csproj", "{0351bcf4-f1c1-ea3d-8f3e-d136e2acafb7}"
EndProject
Project("{FAE04EC0-301F-11D3-BF4B-00C04F79EFBC}") = "Unity.VisualScripting.Flow", "Unity.VisualScripting.Flow.csproj", "{8687a12d-38d7-ce81-5376-eddda7c33085}"
EndProject
Project("{FAE04EC0-301F-11D3-BF4B-00C04F79EFBC}") = "Unity.VisualScripting.State", "Unity.VisualScripting.State.csproj", "{a227f369-17b5-56e5-887f-e9d9a292e332}"
EndProject
Project("{FAE04EC0-301F-11D3-BF4B-00C04F79EFBC}") = "Unity.VisualScripting.Core", "Unity.VisualScripting.Core.csproj", "{775dcdc2-3c40-18e6-065d-4f1a12d84f60}"
EndProject
Project("{FAE04EC0-301F-11D3-BF4B-00C04F79EFBC}") = "Assembly-CSharp", "Assembly-CSharp.csproj", "{46ab1e9d-458c-aedb-09cb-264da0388afa}"
EndProject
Project("{FAE04EC0-301F-11D3-BF4B-00C04F79EFBC}") = "Unity.TextMeshPro", "Unity.TextMeshPro.csproj", "{24402185-de73-eab7-3cf0-398e5ce3f288}"
EndProject
Project("{FAE04EC0-301F-11D3-BF4B-00C04F79EFBC}") = "Unity.Timeline", "Unity.Timeline.csproj", "{6a24bb1e-dff0-d125-2b5e-7b1b7f4bef85}"
EndProject
Project("{FAE04EC0-301F-11D3-BF4B-00C04F79EFBC}") = "Unity.PlasticSCM.Editor", "Unity.PlasticSCM.Editor.csproj", "{8815a451-ea51-910e-5d6b-d559fdf65ca1}"
EndProject
Project("{FAE04EC0-301F-11D3-BF4B-00C04F79EFBC}") = "Unity.VisualScripting.Core.Editor", "Unity.VisualScripting.Core.Editor.csproj", "{d026dde3-de59-b017-8d02-7624d3b44b12}"
EndProject
Project("{FAE04EC0-301F-11D3-BF4B-00C04F79EFBC}") = "Unity.VisualScripting.Flow.Editor", "Unity.VisualScripting.Flow.Editor.csproj", "{f8ce7d5d-5af7-f90c-d4b5-64978316c2a3}"
EndProject
Project("{FAE04EC0-301F-11D3-BF4B-00C04F79EFBC}") = "Unity.VisualStudio.Editor", "Unity.VisualStudio.Editor.csproj", "{59d3fb8a-3cc7-08d3-d551-32b8bc1e7938}"
EndProject
Project("{FAE04EC0-301F-11D3-BF4B-00C04F79EFBC}") = "Unity.Timeline.Editor", "Unity.Timeline.Editor.csproj", "{90c6f95d-47b2-dd11-f53d-3fa71c8998f6}"
EndProject
Project("{FAE04EC0-301F-11D3-BF4B-00C04F79EFBC}") = "Unity.VisualScripting.State.Editor", "Unity.VisualScripting.State.Editor.csproj", "{ad9a958e-b4eb-e120-13b3-64fe5a921e93}"
EndProject
Project("{FAE04EC0-301F-11D3-BF4B-00C04F79EFBC}") = "Unity.TextMeshPro.Editor", "Unity.TextMeshPro.Editor.csproj", "{bdecd87a-8ebc-3368-6b66-a2e26e760d86}"
EndProject
Project("{FAE04EC0-301F-11D3-BF4B-00C04F79EFBC}") = "Unity.VisualScripting.SettingsProvider.Editor", "Unity.VisualScripting.SettingsProvider.Editor.csproj", "{620e153b-1c60-0daf-33c3-f521cc6ac0bd}"
EndProject
Project("{FAE04EC0-301F-11D3-BF4B-00C04F79EFBC}") = "Unity.CollabProxy.Editor", "Unity.CollabProxy.Editor.csproj", "{0bed2abe-059e-d716-d265-ee9454f25349}"
EndProject
Project("{FAE04EC0-301F-11D3-BF4B-00C04F79EFBC}") = "UnityEditor.TestRunner", "UnityEditor.TestRunner.csproj", "{c007f2a1-5b63-1ceb-62ba-5300bc0eafaa}"
EndProject
Project("{FAE04EC0-301F-11D3-BF4B-00C04F79EFBC}") = "Unity.TestTools.CodeCoverage.Editor", "Unity.TestTools.CodeCoverage.Editor.csproj", "{3db8b3b8-db40-68c8-a047-99a6eff15761}"
EndProject
Project("{FAE04EC0-301F-11D3-BF4B-00C04F79EFBC}") = "Unity.Rider.Editor", "Unity.Rider.Editor.csproj", "{d9eb93dd-6d54-d530-f5e5-3c3160241ca0}"
EndProject
Project("{FAE04EC0-301F-11D3-BF4B-00C04F79EFBC}") = "Unity.Services.Core.Editor", "Unity.Services.Core.Editor.csproj", "{bb1d136b-b820-1d05-55d8-d4175ec928d5}"
EndProject
Project("{FAE04EC0-301F-11D3-BF4B-00C04F79EFBC}") = "Unity.Performance.Profile-Analyzer.Editor", "Unity.Performance.Profile-Analyzer.Editor.csproj", "{cae9c657-8c4c-2021-302d-c4d920dc38ee}"
EndProject
Project("{FAE04EC0-301F-11D3-BF4B-00C04F79EFBC}") = "Unity.VSCode.Editor", "Unity.VSCode.Editor.csproj", "{8b90d224-d69d-3fb5-b2f5-6b709735c8e0}"
EndProject
Project("{FAE04EC0-301F-11D3-BF4B-00C04F79EFBC}") = "Unity.TestTools.CodeCoverage.Editor.OpenCover.Model", "Unity.TestTools.CodeCoverage.Editor.OpenCover.Model.csproj", "{5c92d746-3d3c-86b6-6d10-d4598e555091}"
EndProject
Project("{FAE04EC0-301F-11D3-BF4B-00C04F79EFBC}") = "Unity.EditorCoroutines.Editor", "Unity.EditorCoroutines.Editor.csproj", "{a42ef48a-86b6-32f9-910c-6e7f34fa4de9}"
EndProject
Project("{FAE04EC0-301F-11D3-BF4B-00C04F79EFBC}") = "Unity.Settings.Editor", "Unity.Settings.Editor.csproj", "{f79cdf84-9300-7cd7-01e3-9cc88d8162f3}"
EndProject
Project("{FAE04EC0-301F-11D3-BF4B-00C04F79EFBC}") = "Unity.TestTools.CodeCoverage.Editor.OpenCover.Mono.Reflection", "Unity.TestTools.CodeCoverage.Editor.OpenCover.Mono.Reflection.csproj", "{4d185f1d-89b7-7d64-4df1-fef72d918966}"
EndProject
Project("{FAE04EC0-301F-11D3-BF4B-00C04F79EFBC}") = "Unity.VisualScripting.Shared.Editor", "Unity.VisualScripting.Shared.Editor.csproj", "{3efdd3a5-1cf8-247f-a9d8-45ca5e43c423}"
EndProject
Project("{FAE04EC0-301F-11D3-BF4B-00C04F79EFBC}") = "Unity.PlasticSCM.EditorTests", "Unity.PlasticSCM.EditorTests.csproj", "{c79afa72-3c70-acc9-1176-286094e974e3}"
EndProject
Project("{FAE04EC0-301F-11D3-BF4B-00C04F79EFBC}") = "Unity.TestTools.CodeCoverage.Editor.Compatibility", "Unity.TestTools.CodeCoverage.Editor.Compatibility.csproj", "{fc615a32-c659-34c4-16b6-fdb07aef6b2d}"
EndProject
Project("{FAE04EC0-301F-11D3-BF4B-00C04F79EFBC}") = "Unity.TextMeshPro.Editor.Tests", "Unity.TextMeshPro.Editor.Tests.csproj", "{0a86142b-ac70-a310-dfcb-bc8626743bbf}"
EndProject
Project("{FAE04EC0-301F-11D3-BF4B-00C04F79EFBC}") = "DocCodeExamples", "DocCodeExamples.csproj", "{baa7a27c-ad23-a052-982e-c1e722e1f71a}"
EndProject
Project("{FAE04EC0-301F-11D3-BF4B-00C04F79EFBC}") = "Unity.Performance.Profile-Analyzer.EditorTests", "Unity.Performance.Profile-Analyzer.EditorTests.csproj", "{4efe2661-11fd-737b-6533-e90f523e07b5}"
EndProject
Project("{FAE04EC0-301F-11D3-BF4B-00C04F79EFBC}") = "Unity.CollabProxy.EditorTests", "Unity.CollabProxy.EditorTests.csproj", "{6d0f9621-5ca9-3e79-fd0f-4ad11fb19af5}"
EndProject
Project("{FAE04EC0-301F-11D3-BF4B-00C04F79EFBC}") = "Unity.Settings.Tests", "Unity.Settings.Tests.csproj", "{0dd9c310-1364-b367-49ab-d42d1bfb86ff}"
EndProject
Project("{FAE04EC0-301F-11D3-BF4B-00C04F79EFBC}") = "Unity.TextMeshPro.Tests", "Unity.TextMeshPro.Tests.csproj", "{2c90f0ba-9565-8706-7bfa-f8a473b8190b}"
EndProject
Global
	GlobalSection(SolutionConfigurationPlatforms) = preSolution
		Debug|Any CPU = Debug|Any CPU
	EndGlobalSection
	GlobalSection(ProjectConfigurationPlatforms) = postSolution
		{0351bcf4-f1c1-ea3d-8f3e-d136e2acafb7}.Debug|Any CPU.ActiveCfg = Debug|Any CPU
		{0351bcf4-f1c1-ea3d-8f3e-d136e2acafb7}.Debug|Any CPU.Build.0 = Debug|Any CPU
		{8687a12d-38d7-ce81-5376-eddda7c33085}.Debug|Any CPU.ActiveCfg = Debug|Any CPU
		{8687a12d-38d7-ce81-5376-eddda7c33085}.Debug|Any CPU.Build.0 = Debug|Any CPU
		{a227f369-17b5-56e5-887f-e9d9a292e332}.Debug|Any CPU.ActiveCfg = Debug|Any CPU
		{a227f369-17b5-56e5-887f-e9d9a292e332}.Debug|Any CPU.Build.0 = Debug|Any CPU
		{775dcdc2-3c40-18e6-065d-4f1a12d84f60}.Debug|Any CPU.ActiveCfg = Debug|Any CPU
		{775dcdc2-3c40-18e6-065d-4f1a12d84f60}.Debug|Any CPU.Build.0 = Debug|Any CPU
		{46ab1e9d-458c-aedb-09cb-264da0388afa}.Debug|Any CPU.ActiveCfg = Debug|Any CPU
		{46ab1e9d-458c-aedb-09cb-264da0388afa}.Debug|Any CPU.Build.0 = Debug|Any CPU
		{24402185-de73-eab7-3cf0-398e5ce3f288}.Debug|Any CPU.ActiveCfg = Debug|Any CPU
		{24402185-de73-eab7-3cf0-398e5ce3f288}.Debug|Any CPU.Build.0 = Debug|Any CPU
		{6a24bb1e-dff0-d125-2b5e-7b1b7f4bef85}.Debug|Any CPU.ActiveCfg = Debug|Any CPU
		{6a24bb1e-dff0-d125-2b5e-7b1b7f4bef85}.Debug|Any CPU.Build.0 = Debug|Any CPU
		{8815a451-ea51-910e-5d6b-d559fdf65ca1}.Debug|Any CPU.ActiveCfg = Debug|Any CPU
		{8815a451-ea51-910e-5d6b-d559fdf65ca1}.Debug|Any CPU.Build.0 = Debug|Any CPU
		{d026dde3-de59-b017-8d02-7624d3b44b12}.Debug|Any CPU.ActiveCfg = Debug|Any CPU
		{d026dde3-de59-b017-8d02-7624d3b44b12}.Debug|Any CPU.Build.0 = Debug|Any CPU
		{f8ce7d5d-5af7-f90c-d4b5-64978316c2a3}.Debug|Any CPU.ActiveCfg = Debug|Any CPU
		{f8ce7d5d-5af7-f90c-d4b5-64978316c2a3}.Debug|Any CPU.Build.0 = Debug|Any CPU
		{59d3fb8a-3cc7-08d3-d551-32b8bc1e7938}.Debug|Any CPU.ActiveCfg = Debug|Any CPU
		{59d3fb8a-3cc7-08d3-d551-32b8bc1e7938}.Debug|Any CPU.Build.0 = Debug|Any CPU
		{90c6f95d-47b2-dd11-f53d-3fa71c8998f6}.Debug|Any CPU.ActiveCfg = Debug|Any CPU
		{90c6f95d-47b2-dd11-f53d-3fa71c8998f6}.Debug|Any CPU.Build.0 = Debug|Any CPU
		{ad9a958e-b4eb-e120-13b3-64fe5a921e93}.Debug|Any CPU.ActiveCfg = Debug|Any CPU
		{ad9a958e-b4eb-e120-13b3-64fe5a921e93}.Debug|Any CPU.Build.0 = Debug|Any CPU
		{bdecd87a-8ebc-3368-6b66-a2e26e760d86}.Debug|Any CPU.ActiveCfg = Debug|Any CPU
		{bdecd87a-8ebc-3368-6b66-a2e26e760d86}.Debug|Any CPU.Build.0 = Debug|Any CPU
		{620e153b-1c60-0daf-33c3-f521cc6ac0bd}.Debug|Any CPU.ActiveCfg = Debug|Any CPU
		{620e153b-1c60-0daf-33c3-f521cc6ac0bd}.Debug|Any CPU.Build.0 = Debug|Any CPU
		{0bed2abe-059e-d716-d265-ee9454f25349}.Debug|Any CPU.ActiveCfg = Debug|Any CPU
		{0bed2abe-059e-d716-d265-ee9454f25349}.Debug|Any CPU.Build.0 = Debug|Any CPU
		{c007f2a1-5b63-1ceb-62ba-5300bc0eafaa}.Debug|Any CPU.ActiveCfg = Debug|Any CPU
		{c007f2a1-5b63-1ceb-62ba-5300bc0eafaa}.Debug|Any CPU.Build.0 = Debug|Any CPU
		{3db8b3b8-db40-68c8-a047-99a6eff15761}.Debug|Any CPU.ActiveCfg = Debug|Any CPU
		{3db8b3b8-db40-68c8-a047-99a6eff15761}.Debug|Any CPU.Build.0 = Debug|Any CPU
		{d9eb93dd-6d54-d530-f5e5-3c3160241ca0}.Debug|Any CPU.ActiveCfg = Debug|Any CPU
		{d9eb93dd-6d54-d530-f5e5-3c3160241ca0}.Debug|Any CPU.Build.0 = Debug|Any CPU
		{bb1d136b-b820-1d05-55d8-d4175ec928d5}.Debug|Any CPU.ActiveCfg = Debug|Any CPU
		{bb1d136b-b820-1d05-55d8-d4175ec928d5}.Debug|Any CPU.Build.0 = Debug|Any CPU
		{cae9c657-8c4c-2021-302d-c4d920dc38ee}.Debug|Any CPU.ActiveCfg = Debug|Any CPU
		{cae9c657-8c4c-2021-302d-c4d920dc38ee}.Debug|Any CPU.Build.0 = Debug|Any CPU
		{8b90d224-d69d-3fb5-b2f5-6b709735c8e0}.Debug|Any CPU.ActiveCfg = Debug|Any CPU
		{8b90d224-d69d-3fb5-b2f5-6b709735c8e0}.Debug|Any CPU.Build.0 = Debug|Any CPU
		{5c92d746-3d3c-86b6-6d10-d4598e555091}.Debug|Any CPU.ActiveCfg = Debug|Any CPU
		{5c92d746-3d3c-86b6-6d10-d4598e555091}.Debug|Any CPU.Build.0 = Debug|Any CPU
		{a42ef48a-86b6-32f9-910c-6e7f34fa4de9}.Debug|Any CPU.ActiveCfg = Debug|Any CPU
		{a42ef48a-86b6-32f9-910c-6e7f34fa4de9}.Debug|Any CPU.Build.0 = Debug|Any CPU
		{f79cdf84-9300-7cd7-01e3-9cc88d8162f3}.Debug|Any CPU.ActiveCfg = Debug|Any CPU
		{f79cdf84-9300-7cd7-01e3-9cc88d8162f3}.Debug|Any CPU.Build.0 = Debug|Any CPU
		{4d185f1d-89b7-7d64-4df1-fef72d918966}.Debug|Any CPU.ActiveCfg = Debug|Any CPU
		{4d185f1d-89b7-7d64-4df1-fef72d918966}.Debug|Any CPU.Build.0 = Debug|Any CPU
		{3efdd3a5-1cf8-247f-a9d8-45ca5e43c423}.Debug|Any CPU.ActiveCfg = Debug|Any CPU
		{3efdd3a5-1cf8-247f-a9d8-45ca5e43c423}.Debug|Any CPU.Build.0 = Debug|Any CPU
		{c79afa72-3c70-acc9-1176-286094e974e3}.Debug|Any CPU.ActiveCfg = Debug|Any CPU
		{c79afa72-3c70-acc9-1176-286094e974e3}.Debug|Any CPU.Build.0 = Debug|Any CPU
		{fc615a32-c659-34c4-16b6-fdb07aef6b2d}.Debug|Any CPU.ActiveCfg = Debug|Any CPU
		{fc615a32-c659-34c4-16b6-fdb07aef6b2d}.Debug|Any CPU.Build.0 = Debug|Any CPU
		{0a86142b-ac70-a310-dfcb-bc8626743bbf}.Debug|Any CPU.ActiveCfg = Debug|Any CPU
		{0a86142b-ac70-a310-dfcb-bc8626743bbf}.Debug|Any CPU.Build.0 = Debug|Any CPU
		{baa7a27c-ad23-a052-982e-c1e722e1f71a}.Debug|Any CPU.ActiveCfg = Debug|Any CPU
		{baa7a27c-ad23-a052-982e-c1e722e1f71a}.Debug|Any CPU.Build.0 = Debug|Any CPU
		{4efe2661-11fd-737b-6533-e90f523e07b5}.Debug|Any CPU.ActiveCfg = Debug|Any CPU
		{4efe2661-11fd-737b-6533-e90f523e07b5}.Debug|Any CPU.Build.0 = Debug|Any CPU
		{6d0f9621-5ca9-3e79-fd0f-4ad11fb19af5}.Debug|Any CPU.ActiveCfg = Debug|Any CPU
		{6d0f9621-5ca9-3e79-fd0f-4ad11fb19af5}.Debug|Any CPU.Build.0 = Debug|Any CPU
		{0dd9c310-1364-b367-49ab-d42d1bfb86ff}.Debug|Any CPU.ActiveCfg = Debug|Any CPU
		{0dd9c310-1364-b367-49ab-d42d1bfb86ff}.Debug|Any CPU.Build.0 = Debug|Any CPU
		{2c90f0ba-9565-8706-7bfa-f8a473b8190b}.Debug|Any CPU.ActiveCfg = Debug|Any CPU
		{2c90f0ba-9565-8706-7bfa-f8a473b8190b}.Debug|Any CPU.Build.0 = Debug|Any CPU
	EndGlobalSection
	GlobalSection(SolutionProperties) = preSolution
		HideSolutionNode = FALSE
	EndGlobalSection
EndGlobal
